// !$*UTF8*$!
{
	archiveVersion = 1;
	classes = {
	};
	objectVersion = 56;
	objects = {

/* Begin PBXBuildFile section */
		3126C6BE292F9D20003B14B3 /* TLineView.swift in Sources */ = {isa = PBXBuildFile; fileRef = 3126C6BD292F9D20003B14B3 /* TLineView.swift */; };
		313AE259291D894600A0F603 /* NameView.swift in Sources */ = {isa = PBXBuildFile; fileRef = 313AE258291D894600A0F603 /* NameView.swift */; };
		3183889F2927EE1400FE01AB /* IBMPlexMono-Regular.ttf in Resources */ = {isa = PBXBuildFile; fileRef = 3183889E2927EE1400FE01AB /* IBMPlexMono-Regular.ttf */; };
		3190A524292D3852006D478E /* InicialView.swift in Sources */ = {isa = PBXBuildFile; fileRef = 3190A523292D3852006D478E /* InicialView.swift */; };
		3190A526292D394A006D478E /* Inicial1View.swift in Sources */ = {isa = PBXBuildFile; fileRef = 3190A525292D394A006D478E /* Inicial1View.swift */; };
		3190A528292D40CE006D478E /* FloresView.swift in Sources */ = {isa = PBXBuildFile; fileRef = 3190A527292D40CE006D478E /* FloresView.swift */; };
		3190A52A292D6A40006D478E /* IBMPlexMono-MediumItalic.ttf in Resources */ = {isa = PBXBuildFile; fileRef = 3190A529292D6A40006D478E /* IBMPlexMono-MediumItalic.ttf */; };
		31AD31F22927F342006591BD /* Flores1view.swift in Sources */ = {isa = PBXBuildFile; fileRef = 31AD31F12927F342006591BD /* Flores1view.swift */; };
		31E956F32914339700EB7305 /* BleuProjectApp.swift in Sources */ = {isa = PBXBuildFile; fileRef = 31E956F22914339700EB7305 /* BleuProjectApp.swift */; };
		31E956F52914339700EB7305 /* ContentView.swift in Sources */ = {isa = PBXBuildFile; fileRef = 31E956F42914339700EB7305 /* ContentView.swift */; };
		31E956F72914339800EB7305 /* Assets.xcassets in Resources */ = {isa = PBXBuildFile; fileRef = 31E956F62914339800EB7305 /* Assets.xcassets */; };
		31E956FA2914339800EB7305 /* Preview Assets.xcassets in Resources */ = {isa = PBXBuildFile; fileRef = 31E956F92914339800EB7305 /* Preview Assets.xcassets */; };
		4370AAD92939495E00184E40 /* SwiftUIView.swift in Sources */ = {isa = PBXBuildFile; fileRef = 4370AAD82939495E00184E40 /* SwiftUIView.swift */; };
		75272B4E291ECB8C00DB13A2 /* MoodView.swift in Sources */ = {isa = PBXBuildFile; fileRef = 75272B4D291ECB8C00DB13A2 /* MoodView.swift */; };
/* End PBXBuildFile section */

/* Begin PBXFileReference section */
		3126C6BD292F9D20003B14B3 /* TLineView.swift */ = {isa = PBXFileReference; lastKnownFileType = sourcecode.swift; path = TLineView.swift; sourceTree = "<group>"; };
		313AE258291D894600A0F603 /* NameView.swift */ = {isa = PBXFileReference; lastKnownFileType = sourcecode.swift; path = NameView.swift; sourceTree = "<group>"; };
		3183889E2927EE1400FE01AB /* IBMPlexMono-Regular.ttf */ = {isa = PBXFileReference; lastKnownFileType = file; path = "IBMPlexMono-Regular.ttf"; sourceTree = "<group>"; };
		318388A02927EE2200FE01AB /* Info.plist */ = {isa = PBXFileReference; lastKnownFileType = text.plist.xml; path = Info.plist; sourceTree = "<group>"; };
		3190A523292D3852006D478E /* InicialView.swift */ = {isa = PBXFileReference; lastKnownFileType = sourcecode.swift; path = InicialView.swift; sourceTree = "<group>"; };
		3190A525292D394A006D478E /* Inicial1View.swift */ = {isa = PBXFileReference; lastKnownFileType = sourcecode.swift; path = Inicial1View.swift; sourceTree = "<group>"; };
		3190A527292D40CE006D478E /* FloresView.swift */ = {isa = PBXFileReference; lastKnownFileType = sourcecode.swift; path = FloresView.swift; sourceTree = "<group>"; };
		3190A529292D6A40006D478E /* IBMPlexMono-MediumItalic.ttf */ = {isa = PBXFileReference; lastKnownFileType = file; path = "IBMPlexMono-MediumItalic.ttf"; sourceTree = "<group>"; };
		31AD31F12927F342006591BD /* Flores1view.swift */ = {isa = PBXFileReference; lastKnownFileType = sourcecode.swift; path = Flores1view.swift; sourceTree = "<group>"; };
		31E956EF2914339700EB7305 /* BleuProject.app */ = {isa = PBXFileReference; explicitFileType = wrapper.application; includeInIndex = 0; path = BleuProject.app; sourceTree = BUILT_PRODUCTS_DIR; };
		31E956F22914339700EB7305 /* BleuProjectApp.swift */ = {isa = PBXFileReference; lastKnownFileType = sourcecode.swift; path = BleuProjectApp.swift; sourceTree = "<group>"; };
		31E956F42914339700EB7305 /* ContentView.swift */ = {isa = PBXFileReference; lastKnownFileType = sourcecode.swift; path = ContentView.swift; sourceTree = "<group>"; };
		31E956F62914339800EB7305 /* Assets.xcassets */ = {isa = PBXFileReference; lastKnownFileType = folder.assetcatalog; path = Assets.xcassets; sourceTree = "<group>"; };
		31E956F92914339800EB7305 /* Preview Assets.xcassets */ = {isa = PBXFileReference; lastKnownFileType = folder.assetcatalog; path = "Preview Assets.xcassets"; sourceTree = "<group>"; };
		4370AAD82939495E00184E40 /* SwiftUIView.swift */ = {isa = PBXFileReference; lastKnownFileType = sourcecode.swift; path = SwiftUIView.swift; sourceTree = "<group>"; };
		75272B4D291ECB8C00DB13A2 /* MoodView.swift */ = {isa = PBXFileReference; lastKnownFileType = sourcecode.swift; path = MoodView.swift; sourceTree = "<group>"; };
/* End PBXFileReference section */

/* Begin PBXFrameworksBuildPhase section */
		31E956EC2914339700EB7305 /* Frameworks */ = {
			isa = PBXFrameworksBuildPhase;
			buildActionMask = 2147483647;
			files = (
			);
			runOnlyForDeploymentPostprocessing = 0;
		};
/* End PBXFrameworksBuildPhase section */

/* Begin PBXGroup section */
		31E956E62914339700EB7305 = {
			isa = PBXGroup;
			children = (
				31E956F12914339700EB7305 /* BleuProject */,
				31E956F02914339700EB7305 /* Products */,
			);
			sourceTree = "<group>";
		};
		31E956F02914339700EB7305 /* Products */ = {
			isa = PBXGroup;
			children = (
				31E956EF2914339700EB7305 /* BleuProject.app */,
			);
			name = Products;
			sourceTree = "<group>";
		};
		31E956F12914339700EB7305 /* BleuProject */ = {
			isa = PBXGroup;
			children = (
				318388A02927EE2200FE01AB /* Info.plist */,
				31E956F22914339700EB7305 /* BleuProjectApp.swift */,
				31E956F42914339700EB7305 /* ContentView.swift */,
				313AE258291D894600A0F603 /* NameView.swift */,
				75272B4D291ECB8C00DB13A2 /* MoodView.swift */,
				3190A527292D40CE006D478E /* FloresView.swift */,
				4370AAD82939495E00184E40 /* SwiftUIView.swift */,
				3126C6BD292F9D20003B14B3 /* TLineView.swift */,
				31AD31F12927F342006591BD /* Flores1view.swift */,
				3190A523292D3852006D478E /* InicialView.swift */,
				3190A525292D394A006D478E /* Inicial1View.swift */,
				3183889E2927EE1400FE01AB /* IBMPlexMono-Regular.ttf */,
				3190A529292D6A40006D478E /* IBMPlexMono-MediumItalic.ttf */,
				31E956F62914339800EB7305 /* Assets.xcassets */,
				31E956F82914339800EB7305 /* Preview Content */,
			);
			path = BleuProject;
			sourceTree = "<group>";
		};
		31E956F82914339800EB7305 /* Preview Content */ = {
			isa = PBXGroup;
			children = (
				31E956F92914339800EB7305 /* Preview Assets.xcassets */,
			);
			path = "Preview Content";
			sourceTree = "<group>";
		};
/* End PBXGroup section */

/* Begin PBXNativeTarget section */
		31E956EE2914339700EB7305 /* BleuProject */ = {
			isa = PBXNativeTarget;
			buildConfigurationList = 31E956FD2914339800EB7305 /* Build configuration list for PBXNativeTarget "BleuProject" */;
			buildPhases = (
				31E956EB2914339700EB7305 /* Sources */,
				31E956EC2914339700EB7305 /* Frameworks */,
				31E956ED2914339700EB7305 /* Resources */,
			);
			buildRules = (
			);
			dependencies = (
			);
			name = BleuProject;
			productName = BleuProject;
			productReference = 31E956EF2914339700EB7305 /* BleuProject.app */;
			productType = "com.apple.product-type.application";
		};
/* End PBXNativeTarget section */

/* Begin PBXProject section */
		31E956E72914339700EB7305 /* Project object */ = {
			isa = PBXProject;
			attributes = {
				BuildIndependentTargetsInParallel = 1;
				LastSwiftUpdateCheck = 1410;
				LastUpgradeCheck = 1410;
				TargetAttributes = {
					31E956EE2914339700EB7305 = {
						CreatedOnToolsVersion = 14.1;
					};
				};
			};
			buildConfigurationList = 31E956EA2914339700EB7305 /* Build configuration list for PBXProject "BleuProject" */;
			compatibilityVersion = "Xcode 14.0";
			developmentRegion = en;
			hasScannedForEncodings = 0;
			knownRegions = (
				en,
				Base,
			);
			mainGroup = 31E956E62914339700EB7305;
			productRefGroup = 31E956F02914339700EB7305 /* Products */;
			projectDirPath = "";
			projectRoot = "";
			targets = (
				31E956EE2914339700EB7305 /* BleuProject */,
			);
		};
/* End PBXProject section */

/* Begin PBXResourcesBuildPhase section */
		31E956ED2914339700EB7305 /* Resources */ = {
			isa = PBXResourcesBuildPhase;
			buildActionMask = 2147483647;
			files = (
				31E956FA2914339800EB7305 /* Preview Assets.xcassets in Resources */,
				3183889F2927EE1400FE01AB /* IBMPlexMono-Regular.ttf in Resources */,
				3190A52A292D6A40006D478E /* IBMPlexMono-MediumItalic.ttf in Resources */,
				31E956F72914339800EB7305 /* Assets.xcassets in Resources */,
			);
			runOnlyForDeploymentPostprocessing = 0;
		};
/* End PBXResourcesBuildPhase section */

/* Begin PBXSourcesBuildPhase section */
		31E956EB2914339700EB7305 /* Sources */ = {
			isa = PBXSourcesBuildPhase;
			buildActionMask = 2147483647;
			files = (
				3190A526292D394A006D478E /* Inicial1View.swift in Sources */,
				3190A528292D40CE006D478E /* FloresView.swift in Sources */,
				31AD31F22927F342006591BD /* Flores1view.swift in Sources */,
				31E956F52914339700EB7305 /* ContentView.swift in Sources */,
				4370AAD92939495E00184E40 /* SwiftUIView.swift in Sources */,
				3190A524292D3852006D478E /* InicialView.swift in Sources */,
				31E956F32914339700EB7305 /* BleuProjectApp.swift in Sources */,
				313AE259291D894600A0F603 /* NameView.swift in Sources */,
				75272B4E291ECB8C00DB13A2 /* MoodView.swift in Sources */,
				3126C6BE292F9D20003B14B3 /* TLineView.swift in Sources */,
			);
			runOnlyForDeploymentPostprocessing = 0;
		};
/* End PBXSourcesBuildPhase section */

/* Begin XCBuildConfiguration section */
		31E956FB2914339800EB7305 /* Debug */ = {
			isa = XCBuildConfiguration;
			buildSettings = {
				ALWAYS_SEARCH_USER_PATHS = NO;
				CLANG_ANALYZER_NONNULL = YES;
				CLANG_ANALYZER_NUMBER_OBJECT_CONVERSION = YES_AGGRESSIVE;
				CLANG_CXX_LANGUAGE_STANDARD = "gnu++20";
				CLANG_ENABLE_MODULES = YES;
				CLANG_ENABLE_OBJC_ARC = YES;
				CLANG_ENABLE_OBJC_WEAK = YES;
				CLANG_WARN_BLOCK_CAPTURE_AUTORELEASING = YES;
				CLANG_WARN_BOOL_CONVERSION = YES;
				CLANG_WARN_COMMA = YES;
				CLANG_WARN_CONSTANT_CONVERSION = YES;
				CLANG_WARN_DEPRECATED_OBJC_IMPLEMENTATIONS = YES;
				CLANG_WARN_DIRECT_OBJC_ISA_USAGE = YES_ERROR;
				CLANG_WARN_DOCUMENTATION_COMMENTS = YES;
				CLANG_WARN_EMPTY_BODY = YES;
				CLANG_WARN_ENUM_CONVERSION = YES;
				CLANG_WARN_INFINITE_RECURSION = YES;
				CLANG_WARN_INT_CONVERSION = YES;
				CLANG_WARN_NON_LITERAL_NULL_CONVERSION = YES;
				CLANG_WARN_OBJC_IMPLICIT_RETAIN_SELF = YES;
				CLANG_WARN_OBJC_LITERAL_CONVERSION = YES;
				CLANG_WARN_OBJC_ROOT_CLASS = YES_ERROR;
				CLANG_WARN_QUOTED_INCLUDE_IN_FRAMEWORK_HEADER = YES;
				CLANG_WARN_RANGE_LOOP_ANALYSIS = YES;
				CLANG_WARN_STRICT_PROTOTYPES = YES;
				CLANG_WARN_SUSPICIOUS_MOVE = YES;
				CLANG_WARN_UNGUARDED_AVAILABILITY = YES_AGGRESSIVE;
				CLANG_WARN_UNREACHABLE_CODE = YES;
				CLANG_WARN__DUPLICATE_METHOD_MATCH = YES;
				COPY_PHASE_STRIP = NO;
				DEBUG_INFORMATION_FORMAT = dwarf;
				ENABLE_STRICT_OBJC_MSGSEND = YES;
				ENABLE_TESTABILITY = YES;
				GCC_C_LANGUAGE_STANDARD = gnu11;
				GCC_DYNAMIC_NO_PIC = NO;
				GCC_NO_COMMON_BLOCKS = YES;
				GCC_OPTIMIZATION_LEVEL = 0;
				GCC_PREPROCESSOR_DEFINITIONS = (
					"DEBUG=1",
					"$(inherited)",
				);
				GCC_WARN_64_TO_32_BIT_CONVERSION = YES;
				GCC_WARN_ABOUT_RETURN_TYPE = YES_ERROR;
				GCC_WARN_UNDECLARED_SELECTOR = YES;
				GCC_WARN_UNINITIALIZED_AUTOS = YES_AGGRESSIVE;
				GCC_WARN_UNUSED_FUNCTION = YES;
				GCC_WARN_UNUSED_VARIABLE = YES;
				IPHONEOS_DEPLOYMENT_TARGET = 16.1;
				MTL_ENABLE_DEBUG_INFO = INCLUDE_SOURCE;
				MTL_FAST_MATH = YES;
				ONLY_ACTIVE_ARCH = YES;
				SDKROOT = iphoneos;
				SWIFT_ACTIVE_COMPILATION_CONDITIONS = DEBUG;
				SWIFT_OPTIMIZATION_LEVEL = "-Onone";
			};
			name = Debug;
		};
		31E956FC2914339800EB7305 /* Release */ = {
			isa = XCBuildConfiguration;
			buildSettings = {
				ALWAYS_SEARCH_USER_PATHS = NO;
				CLANG_ANALYZER_NONNULL = YES;
				CLANG_ANALYZER_NUMBER_OBJECT_CONVERSION = YES_AGGRESSIVE;
				CLANG_CXX_LANGUAGE_STANDARD = "gnu++20";
				CLANG_ENABLE_MODULES = YES;
				CLANG_ENABLE_OBJC_ARC = YES;
				CLANG_ENABLE_OBJC_WEAK = YES;
				CLANG_WARN_BLOCK_CAPTURE_AUTORELEASING = YES;
				CLANG_WARN_BOOL_CONVERSION = YES;
				CLANG_WARN_COMMA = YES;
				CLANG_WARN_CONSTANT_CONVERSION = YES;
				CLANG_WARN_DEPRECATED_OBJC_IMPLEMENTATIONS = YES;
				CLANG_WARN_DIRECT_OBJC_ISA_USAGE = YES_ERROR;
				CLANG_WARN_DOCUMENTATION_COMMENTS = YES;
				CLANG_WARN_EMPTY_BODY = YES;
				CLANG_WARN_ENUM_CONVERSION = YES;
				CLANG_WARN_INFINITE_RECURSION = YES;
				CLANG_WARN_INT_CONVERSION = YES;
				CLANG_WARN_NON_LITERAL_NULL_CONVERSION = YES;
				CLANG_WARN_OBJC_IMPLICIT_RETAIN_SELF = YES;
				CLANG_WARN_OBJC_LITERAL_CONVERSION = YES;
				CLANG_WARN_OBJC_ROOT_CLASS = YES_ERROR;
				CLANG_WARN_QUOTED_INCLUDE_IN_FRAMEWORK_HEADER = YES;
				CLANG_WARN_RANGE_LOOP_ANALYSIS = YES;
				CLANG_WARN_STRICT_PROTOTYPES = YES;
				CLANG_WARN_SUSPICIOUS_MOVE = YES;
				CLANG_WARN_UNGUARDED_AVAILABILITY = YES_AGGRESSIVE;
				CLANG_WARN_UNREACHABLE_CODE = YES;
				CLANG_WARN__DUPLICATE_METHOD_MATCH = YES;
				COPY_PHASE_STRIP = NO;
				DEBUG_INFORMATION_FORMAT = "dwarf-with-dsym";
				ENABLE_NS_ASSERTIONS = NO;
				ENABLE_STRICT_OBJC_MSGSEND = YES;
				GCC_C_LANGUAGE_STANDARD = gnu11;
				GCC_NO_COMMON_BLOCKS = YES;
				GCC_WARN_64_TO_32_BIT_CONVERSION = YES;
				GCC_WARN_ABOUT_RETURN_TYPE = YES_ERROR;
				GCC_WARN_UNDECLARED_SELECTOR = YES;
				GCC_WARN_UNINITIALIZED_AUTOS = YES_AGGRESSIVE;
				GCC_WARN_UNUSED_FUNCTION = YES;
				GCC_WARN_UNUSED_VARIABLE = YES;
				IPHONEOS_DEPLOYMENT_TARGET = 16.1;
				MTL_ENABLE_DEBUG_INFO = NO;
				MTL_FAST_MATH = YES;
				SDKROOT = iphoneos;
				SWIFT_COMPILATION_MODE = wholemodule;
				SWIFT_OPTIMIZATION_LEVEL = "-O";
				VALIDATE_PRODUCT = YES;
			};
			name = Release;
		};
		31E956FE2914339800EB7305 /* Debug */ = {
			isa = XCBuildConfiguration;
			buildSettings = {
				ASSETCATALOG_COMPILER_APPICON_NAME = AppIcon;
				ASSETCATALOG_COMPILER_GLOBAL_ACCENT_COLOR_NAME = AccentColor;
				CODE_SIGN_STYLE = Automatic;
				CURRENT_PROJECT_VERSION = 1;
				DEVELOPMENT_ASSET_PATHS = "\"BleuProject/Preview Content\"";
				DEVELOPMENT_TEAM = 4VS7B6FVYM;
				ENABLE_PREVIEWS = YES;
				GENERATE_INFOPLIST_FILE = YES;
				INFOPLIST_FILE = BleuProject/Info.plist;
				INFOPLIST_KEY_UIApplicationSceneManifest_Generation = YES;
				INFOPLIST_KEY_UIApplicationSupportsIndirectInputEvents = YES;
				INFOPLIST_KEY_UILaunchScreen_Generation = YES;
				INFOPLIST_KEY_UISupportedInterfaceOrientations_iPad = "UIInterfaceOrientationPortrait UIInterfaceOrientationPortraitUpsideDown UIInterfaceOrientationLandscapeLeft UIInterfaceOrientationLandscapeRight";
				INFOPLIST_KEY_UISupportedInterfaceOrientations_iPhone = "UIInterfaceOrientationPortrait UIInterfaceOrientationLandscapeLeft UIInterfaceOrientationLandscapeRight";
				LD_RUNPATH_SEARCH_PATHS = (
					"$(inherited)",
					"@executable_path/Frameworks",
				);
				MARKETING_VERSION = 1.0;
				PRODUCT_BUNDLE_IDENTIFIER = ifce.foundation..BleuProject;
				PRODUCT_NAME = "$(TARGET_NAME)";
				SWIFT_EMIT_LOC_STRINGS = YES;
				SWIFT_VERSION = 5.0;
				TARGETED_DEVICE_FAMILY = "1,2";
			};
			name = Debug;
		};
		31E956FF2914339800EB7305 /* Release */ = {
			isa = XCBuildConfiguration;
			buildSettings = {
				ASSETCATALOG_COMPILER_APPICON_NAME = AppIcon;
				ASSETCATALOG_COMPILER_GLOBAL_ACCENT_COLOR_NAME = AccentColor;
				CODE_SIGN_STYLE = Automatic;
				CURRENT_PROJECT_VERSION = 1;
				DEVELOPMENT_ASSET_PATHS = "\"BleuProject/Preview Content\"";
				DEVELOPMENT_TEAM = 4VS7B6FVYM;
				ENABLE_PREVIEWS = YES;
				GENERATE_INFOPLIST_FILE = YES;
				INFOPLIST_FILE = BleuProject/Info.plist;
				INFOPLIST_KEY_UIApplicationSceneManifest_Generation = YES;
				INFOPLIST_KEY_UIApplicationSupportsIndirectInputEvents = YES;
				INFOPLIST_KEY_UILaunchScreen_Generation = YES;
				INFOPLIST_KEY_UISupportedInterfaceOrientations_iPad = "UIInterfaceOrientationPortrait UIInterfaceOrientationPortraitUpsideDown UIInterfaceOrientationLandscapeLeft UIInterfaceOrientationLandscapeRight";
				INFOPLIST_KEY_UISupportedInterfaceOrientations_iPhone = "UIInterfaceOrientationPortrait UIInterfaceOrientationLandscapeLeft UIInterfaceOrientationLandscapeRight";
				LD_RUNPATH_SEARCH_PATHS = (
					"$(inherited)",
					"@executable_path/Frameworks",
				);
				MARKETING_VERSION = 1.0;
				PRODUCT_BUNDLE_IDENTIFIER = ifce.foundation..BleuProject;
				PRODUCT_NAME = "$(TARGET_NAME)";
				SWIFT_EMIT_LOC_STRINGS = YES;
				SWIFT_VERSION = 5.0;
				TARGETED_DEVICE_FAMILY = "1,2";
			};
			name = Release;
		};
/* End XCBuildConfiguration section */

/* Begin XCConfigurationList section */
		31E956EA2914339700EB7305 /* Build configuration list for PBXProject "BleuProject" */ = {
			isa = XCConfigurationList;
			buildConfigurations = (
				31E956FB2914339800EB7305 /* Debug */,
				31E956FC2914339800EB7305 /* Release */,
			);
			defaultConfigurationIsVisible = 0;
			defaultConfigurationName = Release;
		};
		31E956FD2914339800EB7305 /* Build configuration list for PBXNativeTarget "BleuProject" */ = {
			isa = XCConfigurationList;
			buildConfigurations = (
				31E956FE2914339800EB7305 /* Debug */,
				31E956FF2914339800EB7305 /* Release */,
			);
			defaultConfigurationIsVisible = 0;
			defaultConfigurationName = Release;
		};
/* End XCConfigurationList section */
	};
	rootObject = 31E956E72914339700EB7305 /* Project object */;
}
